
Microsoft Visual Studio Solution File, Format Version 12.00
# Visual Studio Version 16
VisualStudioVersion = 16.0.31613.86
MinimumVisualStudioVersion = 10.0.40219.1
Project("{FAE04EC0-301F-11D3-BF4B-00C04F79EFBC}") = "prj3", "prj3.csproj", "{50BA10BB-80A3-4089-BB32-779FF6CFDDFF}"
EndProject
Global
	GlobalSection(SolutionConfigurationPlatforms) = preSolution
		Debug|Any CPU = Debug|Any CPU
		Release|Any CPU = Release|Any CPU
	EndGlobalSection
	GlobalSection(ProjectConfigurationPlatforms) = postSolution
		{50BA10BB-80A3-4089-BB32-779FF6CFDDFF}.Debug|Any CPU.ActiveCfg = Debug|Any CPU
		{50BA10BB-80A3-4089-BB32-779FF6CFDDFF}.Debug|Any CPU.Build.0 = Debug|Any CPU
		{50BA10BB-80A3-4089-BB32-779FF6CFDDFF}.Release|Any CPU.ActiveCfg = Release|Any CPU
		{50BA10BB-80A3-4089-BB32-779FF6CFDDFF}.Release|Any CPU.Build.0 = Release|Any CPU
	EndGlobalSection
	GlobalSection(SolutionProperties) = preSolution
		HideSolutionNode = FALSE
	EndGlobalSection
	GlobalSection(ExtensibilityGlobals) = postSolution
		SolutionGuid = {3DA9B8CC-4576-4696-AD41-2334C9E723E1}
	EndGlobalSection
EndGlobal
