
Microsoft Visual Studio Solution File, Format Version 12.00
# Visual Studio Version 16
VisualStudioVersion = 16.0.31613.86
MinimumVisualStudioVersion = 10.0.40219.1
Project("{FAE04EC0-301F-11D3-BF4B-00C04F79EFBC}") = "win12-5-2022", "win12-5-2022.csproj", "{FCD8E40F-ADA5-4E6F-A685-96C992E5CE72}"
EndProject
Global
	GlobalSection(SolutionConfigurationPlatforms) = preSolution
		Debug|Any CPU = Debug|Any CPU
		Release|Any CPU = Release|Any CPU
	EndGlobalSection
	GlobalSection(ProjectConfigurationPlatforms) = postSolution
		{FCD8E40F-ADA5-4E6F-A685-96C992E5CE72}.Debug|Any CPU.ActiveCfg = Debug|Any CPU
		{FCD8E40F-ADA5-4E6F-A685-96C992E5CE72}.Debug|Any CPU.Build.0 = Debug|Any CPU
		{FCD8E40F-ADA5-4E6F-A685-96C992E5CE72}.Release|Any CPU.ActiveCfg = Release|Any CPU
		{FCD8E40F-ADA5-4E6F-A685-96C992E5CE72}.Release|Any CPU.Build.0 = Release|Any CPU
	EndGlobalSection
	GlobalSection(SolutionProperties) = preSolution
		HideSolutionNode = FALSE
	EndGlobalSection
	GlobalSection(ExtensibilityGlobals) = postSolution
		SolutionGuid = {92ABF442-1F81-49C9-B726-CE21423A7A81}
	EndGlobalSection
EndGlobal
